
Microsoft Visual Studio Solution File, Format Version 12.00
# Visual Studio Version 17
VisualStudioVersion = 17.11.34909.67
MinimumVisualStudioVersion = 10.0.40219.1
Project("{9A19103F-16F7-4668-BE54-9A1E7A4F7556}") = "Currency_WEB_API", "Currency_WEB_API\Currency_WEB_API.csproj", "{9E9195EB-B0A1-4FC2-8425-26828543EB40}"
EndProject
Project("{2150E333-8FDC-42A3-9474-1A3956D46DE8}") = "Services", "Services", "{620F81DB-6337-4C40-B808-A9FD571DF324}"
EndProject
Project("{2150E333-8FDC-42A3-9474-1A3956D46DE8}") = "Repo", "Repo", "{FEAD6428-2FC6-464F-BCE3-C80BCB733FA4}"
EndProject
Project("{2150E333-8FDC-42A3-9474-1A3956D46DE8}") = "Data", "Data", "{94B1B333-4078-4387-B64F-0F6D75A61C50}"
EndProject
Project("{9A19103F-16F7-4668-BE54-9A1E7A4F7556}") = "Currency.API.Services", "Currency.API.Services\Currency.API.Services.csproj", "{F7EC6932-2A40-4EA9-BB44-655781E4F4DE}"
EndProject
Project("{9A19103F-16F7-4668-BE54-9A1E7A4F7556}") = "Currency.API.Services.Tests", "Currency.API.Services.Tests\Currency.API.Services.Tests.csproj", "{E61A4B29-5C77-41F7-A6EB-FEFB30B13427}"
EndProject
Project("{9A19103F-16F7-4668-BE54-9A1E7A4F7556}") = "Currency.API.Repo", "Currency.API.Repo\Currency.API.Repo.csproj", "{A6024AB1-2BFF-4FC8-8271-0D374082E157}"
EndProject
Project("{9A19103F-16F7-4668-BE54-9A1E7A4F7556}") = "Currency.API.Repo.Tests", "Currency.API.Repo.Tests\Currency.API.Repo.Tests.csproj", "{9614347C-A42C-4CB8-871B-5EBFD12D253B}"
EndProject
Project("{9A19103F-16F7-4668-BE54-9A1E7A4F7556}") = "Currency.API.DAL", "Currency.API.DAL\Currency.API.DAL.csproj", "{839405D6-0384-4767-BC53-0A1EDB230E71}"
EndProject
Project("{9A19103F-16F7-4668-BE54-9A1E7A4F7556}") = "Currency.API.Models", "Currency.API.Models\Currency.API.Models.csproj", "{DB807C3F-C2D3-4FD6-B96B-FDD2C613483D}"
EndProject
Project("{9A19103F-16F7-4668-BE54-9A1E7A4F7556}") = "Currency.API.Models.DTO", "Currency.API.Models.DTO\Currency.API.Models.DTO.csproj", "{0081E4E4-E36B-4D3E-884E-FDC012D6BE55}"
EndProject
Project("{9A19103F-16F7-4668-BE54-9A1E7A4F7556}") = "Currency_WEB_API.Tests", "Currency_WEB_API.Tests\Currency_WEB_API.Tests.csproj", "{B8EB4498-0D13-4962-BA11-5050C714B97F}"
EndProject
Project("{FAE04EC0-301F-11D3-BF4B-00C04F79EFBC}") = "Currency.ExchangeAPI.Models", "Currency.ExchangeAPI.Models\Currency.ExchangeAPI.Models.csproj", "{EE9EB183-6AA7-4F23-A612-CF6CE2F39EE3}"
EndProject
Global
	GlobalSection(SolutionConfigurationPlatforms) = preSolution
		Debug|Any CPU = Debug|Any CPU
		Release|Any CPU = Release|Any CPU
	EndGlobalSection
	GlobalSection(ProjectConfigurationPlatforms) = postSolution
		{9E9195EB-B0A1-4FC2-8425-26828543EB40}.Debug|Any CPU.ActiveCfg = Debug|Any CPU
		{9E9195EB-B0A1-4FC2-8425-26828543EB40}.Debug|Any CPU.Build.0 = Debug|Any CPU
		{9E9195EB-B0A1-4FC2-8425-26828543EB40}.Release|Any CPU.ActiveCfg = Release|Any CPU
		{9E9195EB-B0A1-4FC2-8425-26828543EB40}.Release|Any CPU.Build.0 = Release|Any CPU
		{F7EC6932-2A40-4EA9-BB44-655781E4F4DE}.Debug|Any CPU.ActiveCfg = Debug|Any CPU
		{F7EC6932-2A40-4EA9-BB44-655781E4F4DE}.Debug|Any CPU.Build.0 = Debug|Any CPU
		{F7EC6932-2A40-4EA9-BB44-655781E4F4DE}.Release|Any CPU.ActiveCfg = Release|Any CPU
		{F7EC6932-2A40-4EA9-BB44-655781E4F4DE}.Release|Any CPU.Build.0 = Release|Any CPU
		{E61A4B29-5C77-41F7-A6EB-FEFB30B13427}.Debug|Any CPU.ActiveCfg = Debug|Any CPU
		{E61A4B29-5C77-41F7-A6EB-FEFB30B13427}.Debug|Any CPU.Build.0 = Debug|Any CPU
		{E61A4B29-5C77-41F7-A6EB-FEFB30B13427}.Release|Any CPU.ActiveCfg = Release|Any CPU
		{E61A4B29-5C77-41F7-A6EB-FEFB30B13427}.Release|Any CPU.Build.0 = Release|Any CPU
		{A6024AB1-2BFF-4FC8-8271-0D374082E157}.Debug|Any CPU.ActiveCfg = Debug|Any CPU
		{A6024AB1-2BFF-4FC8-8271-0D374082E157}.Debug|Any CPU.Build.0 = Debug|Any CPU
		{A6024AB1-2BFF-4FC8-8271-0D374082E157}.Release|Any CPU.ActiveCfg = Release|Any CPU
		{A6024AB1-2BFF-4FC8-8271-0D374082E157}.Release|Any CPU.Build.0 = Release|Any CPU
		{9614347C-A42C-4CB8-871B-5EBFD12D253B}.Debug|Any CPU.ActiveCfg = Debug|Any CPU
		{9614347C-A42C-4CB8-871B-5EBFD12D253B}.Debug|Any CPU.Build.0 = Debug|Any CPU
		{9614347C-A42C-4CB8-871B-5EBFD12D253B}.Release|Any CPU.ActiveCfg = Release|Any CPU
		{9614347C-A42C-4CB8-871B-5EBFD12D253B}.Release|Any CPU.Build.0 = Release|Any CPU
		{839405D6-0384-4767-BC53-0A1EDB230E71}.Debug|Any CPU.ActiveCfg = Debug|Any CPU
		{839405D6-0384-4767-BC53-0A1EDB230E71}.Debug|Any CPU.Build.0 = Debug|Any CPU
		{839405D6-0384-4767-BC53-0A1EDB230E71}.Release|Any CPU.ActiveCfg = Release|Any CPU
		{839405D6-0384-4767-BC53-0A1EDB230E71}.Release|Any CPU.Build.0 = Release|Any CPU
		{DB807C3F-C2D3-4FD6-B96B-FDD2C613483D}.Debug|Any CPU.ActiveCfg = Debug|Any CPU
		{DB807C3F-C2D3-4FD6-B96B-FDD2C613483D}.Debug|Any CPU.Build.0 = Debug|Any CPU
		{DB807C3F-C2D3-4FD6-B96B-FDD2C613483D}.Release|Any CPU.ActiveCfg = Release|Any CPU
		{DB807C3F-C2D3-4FD6-B96B-FDD2C613483D}.Release|Any CPU.Build.0 = Release|Any CPU
		{0081E4E4-E36B-4D3E-884E-FDC012D6BE55}.Debug|Any CPU.ActiveCfg = Debug|Any CPU
		{0081E4E4-E36B-4D3E-884E-FDC012D6BE55}.Debug|Any CPU.Build.0 = Debug|Any CPU
		{0081E4E4-E36B-4D3E-884E-FDC012D6BE55}.Release|Any CPU.ActiveCfg = Release|Any CPU
		{0081E4E4-E36B-4D3E-884E-FDC012D6BE55}.Release|Any CPU.Build.0 = Release|Any CPU
		{B8EB4498-0D13-4962-BA11-5050C714B97F}.Debug|Any CPU.ActiveCfg = Debug|Any CPU
		{B8EB4498-0D13-4962-BA11-5050C714B97F}.Debug|Any CPU.Build.0 = Debug|Any CPU
		{B8EB4498-0D13-4962-BA11-5050C714B97F}.Release|Any CPU.ActiveCfg = Release|Any CPU
		{B8EB4498-0D13-4962-BA11-5050C714B97F}.Release|Any CPU.Build.0 = Release|Any CPU
		{EE9EB183-6AA7-4F23-A612-CF6CE2F39EE3}.Debug|Any CPU.ActiveCfg = Debug|Any CPU
		{EE9EB183-6AA7-4F23-A612-CF6CE2F39EE3}.Debug|Any CPU.Build.0 = Debug|Any CPU
		{EE9EB183-6AA7-4F23-A612-CF6CE2F39EE3}.Release|Any CPU.ActiveCfg = Release|Any CPU
		{EE9EB183-6AA7-4F23-A612-CF6CE2F39EE3}.Release|Any CPU.Build.0 = Release|Any CPU
	EndGlobalSection
	GlobalSection(SolutionProperties) = preSolution
		HideSolutionNode = FALSE
	EndGlobalSection
	GlobalSection(NestedProjects) = preSolution
		{F7EC6932-2A40-4EA9-BB44-655781E4F4DE} = {620F81DB-6337-4C40-B808-A9FD571DF324}
		{E61A4B29-5C77-41F7-A6EB-FEFB30B13427} = {620F81DB-6337-4C40-B808-A9FD571DF324}
		{A6024AB1-2BFF-4FC8-8271-0D374082E157} = {FEAD6428-2FC6-464F-BCE3-C80BCB733FA4}
		{9614347C-A42C-4CB8-871B-5EBFD12D253B} = {FEAD6428-2FC6-464F-BCE3-C80BCB733FA4}
		{839405D6-0384-4767-BC53-0A1EDB230E71} = {94B1B333-4078-4387-B64F-0F6D75A61C50}
		{DB807C3F-C2D3-4FD6-B96B-FDD2C613483D} = {94B1B333-4078-4387-B64F-0F6D75A61C50}
		{0081E4E4-E36B-4D3E-884E-FDC012D6BE55} = {620F81DB-6337-4C40-B808-A9FD571DF324}
		{EE9EB183-6AA7-4F23-A612-CF6CE2F39EE3} = {620F81DB-6337-4C40-B808-A9FD571DF324}
	EndGlobalSection
	GlobalSection(ExtensibilityGlobals) = postSolution
		SolutionGuid = {DE29A0F5-0184-421E-B4C0-FBEB5B47F964}
	EndGlobalSection
EndGlobal
